
Microsoft Visual Studio Solution File, Format Version 12.00
# Visual Studio Version 17
VisualStudioVersion = 17.1.32228.430
MinimumVisualStudioVersion = 10.0.40219.1
Project("{FAE04EC0-301F-11D3-BF4B-00C04F79EFBC}") = "DeMVC", "DeMVC\DeMVC.csproj", "{4A62B683-9C2D-42BF-82C4-34C2F62555EB}"
EndProject
Global
	GlobalSection(SolutionConfigurationPlatforms) = preSolution
		Debug|Any CPU = Debug|Any CPU
		Release|Any CPU = Release|Any CPU
	EndGlobalSection
	GlobalSection(ProjectConfigurationPlatforms) = postSolution
		{4A62B683-9C2D-42BF-82C4-34C2F62555EB}.Debug|Any CPU.ActiveCfg = Debug|Any CPU
		{4A62B683-9C2D-42BF-82C4-34C2F62555EB}.Debug|Any CPU.Build.0 = Debug|Any CPU
		{4A62B683-9C2D-42BF-82C4-34C2F62555EB}.Release|Any CPU.ActiveCfg = Release|Any CPU
		{4A62B683-9C2D-42BF-82C4-34C2F62555EB}.Release|Any CPU.Build.0 = Release|Any CPU
	EndGlobalSection
	GlobalSection(SolutionProperties) = preSolution
		HideSolutionNode = FALSE
	EndGlobalSection
	GlobalSection(ExtensibilityGlobals) = postSolution
		SolutionGuid = {406AAE95-858C-44A2-BA93-68EBCFEEB60A}
	EndGlobalSection
EndGlobal
